{
  "name": "protobufviewer",
  "lockfileVersion": 3,
  "requires": true,
  "packages": {
    "": {
      "devDependencies": {
        "gdtf-types": "^1.0.0"
      }
    },
    "node_modules/gdtf-types": {
      "version": "1.0.0",
      "resolved": "https://registry.npmjs.org/gdtf-types/-/gdtf-types-1.0.0.tgz",
      "integrity": "sha512-3mM1r0F7/2XGmSluu5LEK64i/b9Ofpw0F5rCFv4rlv0FmmaN/ueS/Vy/ulrKmIF9MWun7ibnRCCp5PCyvdMb+w==",
      "dev": true
    }
  }
}
